
Microsoft Visual Studio Solution File, Format Version 12.00
Project("{FAE04EC0-301F-11D3-BF4B-00C04F79EFBC}") = "Api", "Api\Api.csproj", "{5356BBA3-A73C-49C9-89DA-9207EDE62FD3}"
EndProject
Project("{FAE04EC0-301F-11D3-BF4B-00C04F79EFBC}") = "Domain", "Domain\Domain.csproj", "{C6D70879-76CB-4258-8521-FEC155723C3A}"
EndProject
Project("{FAE04EC0-301F-11D3-BF4B-00C04F79EFBC}") = "Infrastructure", "Infrastructure\Infrastructure.csproj", "{EE627142-5A55-4ECD-AA2F-776F8B354DF2}"
EndProject
Project("{FAE04EC0-301F-11D3-BF4B-00C04F79EFBC}") = "Application", "Application\Application.csproj", "{A207EE63-AAC8-4F0D-B640-C46E7EBDEF3C}"
EndProject
Project("{FAE04EC0-301F-11D3-BF4B-00C04F79EFBC}") = "Api.Tests.Unit", "Api.Tests.Unit\Api.Tests.Unit.csproj", "{13224C81-1879-4772-93EC-87A6D7420673}"
EndProject
Project("{FAE04EC0-301F-11D3-BF4B-00C04F79EFBC}") = "Api.Tests.Functional", "Api.Tests.Functional\Api.Tests.Functional.csproj", "{72711097-E886-4920-A26B-1A7A7E814EC2}"
EndProject
Global
	GlobalSection(SolutionConfigurationPlatforms) = preSolution
		Debug|Any CPU = Debug|Any CPU
		Release|Any CPU = Release|Any CPU
	EndGlobalSection
	GlobalSection(ProjectConfigurationPlatforms) = postSolution
		{5356BBA3-A73C-49C9-89DA-9207EDE62FD3}.Debug|Any CPU.ActiveCfg = Debug|Any CPU
		{5356BBA3-A73C-49C9-89DA-9207EDE62FD3}.Debug|Any CPU.Build.0 = Debug|Any CPU
		{5356BBA3-A73C-49C9-89DA-9207EDE62FD3}.Release|Any CPU.ActiveCfg = Release|Any CPU
		{5356BBA3-A73C-49C9-89DA-9207EDE62FD3}.Release|Any CPU.Build.0 = Release|Any CPU
		{C6D70879-76CB-4258-8521-FEC155723C3A}.Debug|Any CPU.ActiveCfg = Debug|Any CPU
		{C6D70879-76CB-4258-8521-FEC155723C3A}.Debug|Any CPU.Build.0 = Debug|Any CPU
		{C6D70879-76CB-4258-8521-FEC155723C3A}.Release|Any CPU.ActiveCfg = Release|Any CPU
		{C6D70879-76CB-4258-8521-FEC155723C3A}.Release|Any CPU.Build.0 = Release|Any CPU
		{EE627142-5A55-4ECD-AA2F-776F8B354DF2}.Debug|Any CPU.ActiveCfg = Debug|Any CPU
		{EE627142-5A55-4ECD-AA2F-776F8B354DF2}.Debug|Any CPU.Build.0 = Debug|Any CPU
		{EE627142-5A55-4ECD-AA2F-776F8B354DF2}.Release|Any CPU.ActiveCfg = Release|Any CPU
		{EE627142-5A55-4ECD-AA2F-776F8B354DF2}.Release|Any CPU.Build.0 = Release|Any CPU
		{A207EE63-AAC8-4F0D-B640-C46E7EBDEF3C}.Debug|Any CPU.ActiveCfg = Debug|Any CPU
		{A207EE63-AAC8-4F0D-B640-C46E7EBDEF3C}.Debug|Any CPU.Build.0 = Debug|Any CPU
		{A207EE63-AAC8-4F0D-B640-C46E7EBDEF3C}.Release|Any CPU.ActiveCfg = Release|Any CPU
		{A207EE63-AAC8-4F0D-B640-C46E7EBDEF3C}.Release|Any CPU.Build.0 = Release|Any CPU
		{13224C81-1879-4772-93EC-87A6D7420673}.Debug|Any CPU.ActiveCfg = Debug|Any CPU
		{13224C81-1879-4772-93EC-87A6D7420673}.Debug|Any CPU.Build.0 = Debug|Any CPU
		{13224C81-1879-4772-93EC-87A6D7420673}.Release|Any CPU.ActiveCfg = Release|Any CPU
		{13224C81-1879-4772-93EC-87A6D7420673}.Release|Any CPU.Build.0 = Release|Any CPU
		{72711097-E886-4920-A26B-1A7A7E814EC2}.Debug|Any CPU.ActiveCfg = Debug|Any CPU
		{72711097-E886-4920-A26B-1A7A7E814EC2}.Debug|Any CPU.Build.0 = Debug|Any CPU
		{72711097-E886-4920-A26B-1A7A7E814EC2}.Release|Any CPU.ActiveCfg = Release|Any CPU
		{72711097-E886-4920-A26B-1A7A7E814EC2}.Release|Any CPU.Build.0 = Release|Any CPU
	EndGlobalSection
EndGlobal
